
Microsoft Visual Studio Solution File, Format Version 12.00
# Visual Studio Version 17
VisualStudioVersion = 17.3.32804.467
MinimumVisualStudioVersion = 10.0.40219.1
Project("{FAE04EC0-301F-11D3-BF4B-00C04F79EFBC}") = "ConsumindoApi", "ConsumindoApi.csproj", "{FE921F12-C62A-4911-AE8E-962AC9125677}"
EndProject
Global
	GlobalSection(SolutionConfigurationPlatforms) = preSolution
		Debug|Any CPU = Debug|Any CPU
		Release|Any CPU = Release|Any CPU
	EndGlobalSection
	GlobalSection(ProjectConfigurationPlatforms) = postSolution
		{FE921F12-C62A-4911-AE8E-962AC9125677}.Debug|Any CPU.ActiveCfg = Debug|Any CPU
		{FE921F12-C62A-4911-AE8E-962AC9125677}.Debug|Any CPU.Build.0 = Debug|Any CPU
		{FE921F12-C62A-4911-AE8E-962AC9125677}.Release|Any CPU.ActiveCfg = Release|Any CPU
		{FE921F12-C62A-4911-AE8E-962AC9125677}.Release|Any CPU.Build.0 = Release|Any CPU
	EndGlobalSection
	GlobalSection(SolutionProperties) = preSolution
		HideSolutionNode = FALSE
	EndGlobalSection
	GlobalSection(ExtensibilityGlobals) = postSolution
		SolutionGuid = {C9CA5B3A-5E01-4CA9-9E7B-B3F557672D1F}
	EndGlobalSection
EndGlobal
